
Microsoft Visual Studio Solution File, Format Version 12.00
# Visual Studio Version 16
VisualStudioVersion = 16.0.30503.244
MinimumVisualStudioVersion = 10.0.40219.1
Project("{FAE04EC0-301F-11D3-BF4B-00C04F79EFBC}") = "Shopping Mall Management", "Shopping Mall Management\Shopping Mall Management.csproj", "{7EAE38E6-C7DE-4B4E-A03D-73995311DF12}"
EndProject
Global
	GlobalSection(SolutionConfigurationPlatforms) = preSolution
		Debug|Any CPU = Debug|Any CPU
		Release|Any CPU = Release|Any CPU
	EndGlobalSection
	GlobalSection(ProjectConfigurationPlatforms) = postSolution
		{7EAE38E6-C7DE-4B4E-A03D-73995311DF12}.Debug|Any CPU.ActiveCfg = Debug|Any CPU
		{7EAE38E6-C7DE-4B4E-A03D-73995311DF12}.Debug|Any CPU.Build.0 = Debug|Any CPU
		{7EAE38E6-C7DE-4B4E-A03D-73995311DF12}.Release|Any CPU.ActiveCfg = Release|Any CPU
		{7EAE38E6-C7DE-4B4E-A03D-73995311DF12}.Release|Any CPU.Build.0 = Release|Any CPU
	EndGlobalSection
	GlobalSection(SolutionProperties) = preSolution
		HideSolutionNode = FALSE
	EndGlobalSection
	GlobalSection(ExtensibilityGlobals) = postSolution
		SolutionGuid = {CB51878F-3902-4555-9AE0-5A7B673EEDF2}
	EndGlobalSection
EndGlobal
